// !$*UTF8*$!
{
	archiveVersion = 1;
	classes = {
	};
	objectVersion = 46;
	objects = {

/* Begin PBXBuildFile section */
		34F1BFD579AC516BB9D72D3F /* Pods_BMSTUScheduleTests.framework in Frameworks */ = {isa = PBXBuildFile; fileRef = A44130F770FD807D2AED7F4F /* Pods_BMSTUScheduleTests.framework */; };
		A5218D731DF9F6F900E817B0 /* GroupCell.swift in Sources */ = {isa = PBXBuildFile; fileRef = A5218D721DF9F6F900E817B0 /* GroupCell.swift */; };
		A525F3D21DD4C9D4003A7CC0 /* Group.swift in Sources */ = {isa = PBXBuildFile; fileRef = A525F3D11DD4C9D4003A7CC0 /* Group.swift */; };
		A5485CC11DC245BC009610C2 /* LessonCell.swift in Sources */ = {isa = PBXBuildFile; fileRef = A5485CC01DC245BC009610C2 /* LessonCell.swift */; };
		A5485CC31DC26173009610C2 /* GroupsController.swift in Sources */ = {isa = PBXBuildFile; fileRef = A5485CC21DC26173009610C2 /* GroupsController.swift */; };
		A55B90531DCA37E20068B9BE /* MenuController.swift in Sources */ = {isa = PBXBuildFile; fileRef = A55B90521DCA37E20068B9BE /* MenuController.swift */; };
		A5A123F61DE7422A006FB4E5 /* Week.swift in Sources */ = {isa = PBXBuildFile; fileRef = A5A123F51DE7422A006FB4E5 /* Week.swift */; };
		A5A124051DE8DD24006FB4E5 /* LaunchScreen.storyboard in Resources */ = {isa = PBXBuildFile; fileRef = A5A124011DE8DD24006FB4E5 /* LaunchScreen.storyboard */; };
		A5A124061DE8DD24006FB4E5 /* Main.storyboard in Resources */ = {isa = PBXBuildFile; fileRef = A5A124031DE8DD24006FB4E5 /* Main.storyboard */; };
		A5A124091DE8DD70006FB4E5 /* Manager.swift in Sources */ = {isa = PBXBuildFile; fileRef = A5A124081DE8DD70006FB4E5 /* Manager.swift */; };
		A5A1240C1DE8DE9A006FB4E5 /* FirebaseManager.swift in Sources */ = {isa = PBXBuildFile; fileRef = A5A1240B1DE8DE9A006FB4E5 /* FirebaseManager.swift */; };
		A5A1240E1DE8DED5006FB4E5 /* CalendarManager.swift in Sources */ = {isa = PBXBuildFile; fileRef = A5A1240D1DE8DED5006FB4E5 /* CalendarManager.swift */; };
		A5B257291DF01C260081EA0B /* GoogleService-Info.plist in Resources */ = {isa = PBXBuildFile; fileRef = A5B257271DF01C260081EA0B /* GoogleService-Info.plist */; };
		A5B2572C1DF085D70081EA0B /* DayHeader.swift in Sources */ = {isa = PBXBuildFile; fileRef = A5B2572B1DF085D70081EA0B /* DayHeader.swift */; };
		A5CED4DA1DB0E080000D2DFD /* AppDelegate.swift in Sources */ = {isa = PBXBuildFile; fileRef = A5CED4D91DB0E080000D2DFD /* AppDelegate.swift */; };
		A5CED4E11DB0E080000D2DFD /* Assets.xcassets in Resources */ = {isa = PBXBuildFile; fileRef = A5CED4E01DB0E080000D2DFD /* Assets.xcassets */; };
		A5CED4EF1DB0E080000D2DFD /* BMSTUScheduleTests.swift in Sources */ = {isa = PBXBuildFile; fileRef = A5CED4EE1DB0E080000D2DFD /* BMSTUScheduleTests.swift */; };
		A5CED4FA1DB0E080000D2DFD /* BMSTUScheduleUITests.swift in Sources */ = {isa = PBXBuildFile; fileRef = A5CED4F91DB0E080000D2DFD /* BMSTUScheduleUITests.swift */; };
		A5CED50B1DB0E94A000D2DFD /* Lesson.swift in Sources */ = {isa = PBXBuildFile; fileRef = A5CED50A1DB0E94A000D2DFD /* Lesson.swift */; };
		A5E0FE821DBFB59D008959A9 /* SWRevealViewController.m in Sources */ = {isa = PBXBuildFile; fileRef = A5E0FE811DBFB59D008959A9 /* SWRevealViewController.m */; };
		A5E0FE841DBFB870008959A9 /* ScheduleController.swift in Sources */ = {isa = PBXBuildFile; fileRef = A5E0FE831DBFB870008959A9 /* ScheduleController.swift */; };
		A5E0FE891DBFFB22008959A9 /* SettingsController.swift in Sources */ = {isa = PBXBuildFile; fileRef = A5E0FE881DBFFB22008959A9 /* SettingsController.swift */; };
		A5F2E1F71DC4C1E100841669 /* Day.swift in Sources */ = {isa = PBXBuildFile; fileRef = A5F2E1F61DC4C1E100841669 /* Day.swift */; };
		A5F2E1F91DC4C2D400841669 /* Schedule.swift in Sources */ = {isa = PBXBuildFile; fileRef = A5F2E1F81DC4C2D400841669 /* Schedule.swift */; };
		D2AAD222BEEA050D66FD0373 /* Pods_BMSTUScheduleUITests.framework in Frameworks */ = {isa = PBXBuildFile; fileRef = 5EDF20F0E282FC6530764F45 /* Pods_BMSTUScheduleUITests.framework */; };
		EA1D579B2221715A897E26CE /* Pods_BMSTUSchedule.framework in Frameworks */ = {isa = PBXBuildFile; fileRef = 793CA6CF03F2F48A50E4F412 /* Pods_BMSTUSchedule.framework */; };
/* End PBXBuildFile section */

/* Begin PBXContainerItemProxy section */
		A5CED4EB1DB0E080000D2DFD /* PBXContainerItemProxy */ = {
			isa = PBXContainerItemProxy;
			containerPortal = A5CED4CE1DB0E07F000D2DFD /* Project object */;
			proxyType = 1;
			remoteGlobalIDString = A5CED4D51DB0E07F000D2DFD;
			remoteInfo = BMSTUSchedule;
		};
		A5CED4F61DB0E080000D2DFD /* PBXContainerItemProxy */ = {
			isa = PBXContainerItemProxy;
			containerPortal = A5CED4CE1DB0E07F000D2DFD /* Project object */;
			proxyType = 1;
			remoteGlobalIDString = A5CED4D51DB0E07F000D2DFD;
			remoteInfo = BMSTUSchedule;
		};
/* End PBXContainerItemProxy section */

/* Begin PBXFileReference section */
		0551AA824E26F3323674A9D2 /* Pods-BMSTUScheduleUITests.release.xcconfig */ = {isa = PBXFileReference; includeInIndex = 1; lastKnownFileType = text.xcconfig; name = "Pods-BMSTUScheduleUITests.release.xcconfig"; path = "Pods/Target Support Files/Pods-BMSTUScheduleUITests/Pods-BMSTUScheduleUITests.release.xcconfig"; sourceTree = "<group>"; };
		5EDF20F0E282FC6530764F45 /* Pods_BMSTUScheduleUITests.framework */ = {isa = PBXFileReference; explicitFileType = wrapper.framework; includeInIndex = 0; path = Pods_BMSTUScheduleUITests.framework; sourceTree = BUILT_PRODUCTS_DIR; };
		6D132CD494F5269EC64214DA /* Pods-BMSTUScheduleUITests.debug.xcconfig */ = {isa = PBXFileReference; includeInIndex = 1; lastKnownFileType = text.xcconfig; name = "Pods-BMSTUScheduleUITests.debug.xcconfig"; path = "Pods/Target Support Files/Pods-BMSTUScheduleUITests/Pods-BMSTUScheduleUITests.debug.xcconfig"; sourceTree = "<group>"; };
		725286351414F142A674EB54 /* Pods-BMSTUScheduleTests.release.xcconfig */ = {isa = PBXFileReference; includeInIndex = 1; lastKnownFileType = text.xcconfig; name = "Pods-BMSTUScheduleTests.release.xcconfig"; path = "Pods/Target Support Files/Pods-BMSTUScheduleTests/Pods-BMSTUScheduleTests.release.xcconfig"; sourceTree = "<group>"; };
		793CA6CF03F2F48A50E4F412 /* Pods_BMSTUSchedule.framework */ = {isa = PBXFileReference; explicitFileType = wrapper.framework; includeInIndex = 0; path = Pods_BMSTUSchedule.framework; sourceTree = BUILT_PRODUCTS_DIR; };
		831933F057A6FACC8B5135A8 /* Pods-BMSTUScheduleTests.debug.xcconfig */ = {isa = PBXFileReference; includeInIndex = 1; lastKnownFileType = text.xcconfig; name = "Pods-BMSTUScheduleTests.debug.xcconfig"; path = "Pods/Target Support Files/Pods-BMSTUScheduleTests/Pods-BMSTUScheduleTests.debug.xcconfig"; sourceTree = "<group>"; };
		A44130F770FD807D2AED7F4F /* Pods_BMSTUScheduleTests.framework */ = {isa = PBXFileReference; explicitFileType = wrapper.framework; includeInIndex = 0; path = Pods_BMSTUScheduleTests.framework; sourceTree = BUILT_PRODUCTS_DIR; };
		A5218D721DF9F6F900E817B0 /* GroupCell.swift */ = {isa = PBXFileReference; fileEncoding = 4; lastKnownFileType = sourcecode.swift; name = GroupCell.swift; path = Views/GroupCell.swift; sourceTree = "<group>"; };
		A525F3D11DD4C9D4003A7CC0 /* Group.swift */ = {isa = PBXFileReference; fileEncoding = 4; lastKnownFileType = sourcecode.swift; name = Group.swift; path = Model/Group.swift; sourceTree = "<group>"; };
		A5485CC01DC245BC009610C2 /* LessonCell.swift */ = {isa = PBXFileReference; fileEncoding = 4; lastKnownFileType = sourcecode.swift; name = LessonCell.swift; path = Views/LessonCell.swift; sourceTree = "<group>"; };
		A5485CC21DC26173009610C2 /* GroupsController.swift */ = {isa = PBXFileReference; fileEncoding = 4; lastKnownFileType = sourcecode.swift; name = GroupsController.swift; path = Controllers/GroupsController.swift; sourceTree = "<group>"; };
		A55B90521DCA37E20068B9BE /* MenuController.swift */ = {isa = PBXFileReference; fileEncoding = 4; lastKnownFileType = sourcecode.swift; name = MenuController.swift; path = Controllers/MenuController.swift; sourceTree = "<group>"; };
		A5A123F51DE7422A006FB4E5 /* Week.swift */ = {isa = PBXFileReference; fileEncoding = 4; lastKnownFileType = sourcecode.swift; name = Week.swift; path = Model/Week.swift; sourceTree = "<group>"; };
		A5A123F81DE8DCD8006FB4E5 /* Info.plist */ = {isa = PBXFileReference; fileEncoding = 4; lastKnownFileType = text.plist.xml; path = Info.plist; sourceTree = "<group>"; };
		A5A124021DE8DD24006FB4E5 /* Base */ = {isa = PBXFileReference; lastKnownFileType = file.storyboard; name = Base; path = Base.lproj/LaunchScreen.storyboard; sourceTree = "<group>"; };
		A5A124041DE8DD24006FB4E5 /* Base */ = {isa = PBXFileReference; lastKnownFileType = file.storyboard; name = Base; path = Base.lproj/Main.storyboard; sourceTree = "<group>"; };
		A5A124081DE8DD70006FB4E5 /* Manager.swift */ = {isa = PBXFileReference; fileEncoding = 4; lastKnownFileType = sourcecode.swift; name = Manager.swift; path = Managers/Manager.swift; sourceTree = "<group>"; };
		A5A1240B1DE8DE9A006FB4E5 /* FirebaseManager.swift */ = {isa = PBXFileReference; fileEncoding = 4; lastKnownFileType = sourcecode.swift; name = FirebaseManager.swift; path = Managers/FirebaseManager.swift; sourceTree = "<group>"; };
		A5A1240D1DE8DED5006FB4E5 /* CalendarManager.swift */ = {isa = PBXFileReference; fileEncoding = 4; lastKnownFileType = sourcecode.swift; name = CalendarManager.swift; path = Managers/CalendarManager.swift; sourceTree = "<group>"; };
		A5B257271DF01C260081EA0B /* GoogleService-Info.plist */ = {isa = PBXFileReference; fileEncoding = 4; lastKnownFileType = text.plist.xml; path = "GoogleService-Info.plist"; sourceTree = "<group>"; };
		A5B2572B1DF085D70081EA0B /* DayHeader.swift */ = {isa = PBXFileReference; fileEncoding = 4; lastKnownFileType = sourcecode.swift; name = DayHeader.swift; path = Views/DayHeader.swift; sourceTree = "<group>"; };
		A5CED4D61DB0E080000D2DFD /* BMSTUSchedule.app */ = {isa = PBXFileReference; explicitFileType = wrapper.application; includeInIndex = 0; path = BMSTUSchedule.app; sourceTree = BUILT_PRODUCTS_DIR; };
		A5CED4D91DB0E080000D2DFD /* AppDelegate.swift */ = {isa = PBXFileReference; lastKnownFileType = sourcecode.swift; path = AppDelegate.swift; sourceTree = "<group>"; };
		A5CED4E01DB0E080000D2DFD /* Assets.xcassets */ = {isa = PBXFileReference; lastKnownFileType = folder.assetcatalog; path = Assets.xcassets; sourceTree = "<group>"; };
		A5CED4EA1DB0E080000D2DFD /* BMSTUScheduleTests.xctest */ = {isa = PBXFileReference; explicitFileType = wrapper.cfbundle; includeInIndex = 0; path = BMSTUScheduleTests.xctest; sourceTree = BUILT_PRODUCTS_DIR; };
		A5CED4EE1DB0E080000D2DFD /* BMSTUScheduleTests.swift */ = {isa = PBXFileReference; lastKnownFileType = sourcecode.swift; path = BMSTUScheduleTests.swift; sourceTree = "<group>"; };
		A5CED4F01DB0E080000D2DFD /* Info.plist */ = {isa = PBXFileReference; lastKnownFileType = text.plist.xml; path = Info.plist; sourceTree = "<group>"; };
		A5CED4F51DB0E080000D2DFD /* BMSTUScheduleUITests.xctest */ = {isa = PBXFileReference; explicitFileType = wrapper.cfbundle; includeInIndex = 0; path = BMSTUScheduleUITests.xctest; sourceTree = BUILT_PRODUCTS_DIR; };
		A5CED4F91DB0E080000D2DFD /* BMSTUScheduleUITests.swift */ = {isa = PBXFileReference; lastKnownFileType = sourcecode.swift; path = BMSTUScheduleUITests.swift; sourceTree = "<group>"; };
		A5CED4FB1DB0E080000D2DFD /* Info.plist */ = {isa = PBXFileReference; lastKnownFileType = text.plist.xml; path = Info.plist; sourceTree = "<group>"; };
		A5CED50A1DB0E94A000D2DFD /* Lesson.swift */ = {isa = PBXFileReference; fileEncoding = 4; lastKnownFileType = sourcecode.swift; name = Lesson.swift; path = Model/Lesson.swift; sourceTree = "<group>"; };
		A5E0FE7F1DBFB59C008959A9 /* BMSTUSchedule-Bridging-Header.h */ = {isa = PBXFileReference; lastKnownFileType = sourcecode.c.h; path = "BMSTUSchedule-Bridging-Header.h"; sourceTree = "<group>"; };
		A5E0FE801DBFB59D008959A9 /* SWRevealViewController.h */ = {isa = PBXFileReference; fileEncoding = 4; lastKnownFileType = sourcecode.c.h; path = SWRevealViewController.h; sourceTree = "<group>"; };
		A5E0FE811DBFB59D008959A9 /* SWRevealViewController.m */ = {isa = PBXFileReference; fileEncoding = 4; lastKnownFileType = sourcecode.c.objc; path = SWRevealViewController.m; sourceTree = "<group>"; };
		A5E0FE831DBFB870008959A9 /* ScheduleController.swift */ = {isa = PBXFileReference; fileEncoding = 4; lastKnownFileType = sourcecode.swift; name = ScheduleController.swift; path = Controllers/ScheduleController.swift; sourceTree = "<group>"; };
		A5E0FE881DBFFB22008959A9 /* SettingsController.swift */ = {isa = PBXFileReference; fileEncoding = 4; lastKnownFileType = sourcecode.swift; name = SettingsController.swift; path = Controllers/SettingsController.swift; sourceTree = "<group>"; };
		A5F2E1F61DC4C1E100841669 /* Day.swift */ = {isa = PBXFileReference; fileEncoding = 4; lastKnownFileType = sourcecode.swift; name = Day.swift; path = Model/Day.swift; sourceTree = "<group>"; };
		A5F2E1F81DC4C2D400841669 /* Schedule.swift */ = {isa = PBXFileReference; fileEncoding = 4; lastKnownFileType = sourcecode.swift; name = Schedule.swift; path = Model/Schedule.swift; sourceTree = "<group>"; };
		C442BC49042323BC7E77F3BB /* Pods-BMSTUSchedule.debug.xcconfig */ = {isa = PBXFileReference; includeInIndex = 1; lastKnownFileType = text.xcconfig; name = "Pods-BMSTUSchedule.debug.xcconfig"; path = "Pods/Target Support Files/Pods-BMSTUSchedule/Pods-BMSTUSchedule.debug.xcconfig"; sourceTree = "<group>"; };
		FC75701F99C0401E43436CA6 /* Pods-BMSTUSchedule.release.xcconfig */ = {isa = PBXFileReference; includeInIndex = 1; lastKnownFileType = text.xcconfig; name = "Pods-BMSTUSchedule.release.xcconfig"; path = "Pods/Target Support Files/Pods-BMSTUSchedule/Pods-BMSTUSchedule.release.xcconfig"; sourceTree = "<group>"; };
/* End PBXFileReference section */

/* Begin PBXFrameworksBuildPhase section */
		A5CED4D31DB0E07F000D2DFD /* Frameworks */ = {
			isa = PBXFrameworksBuildPhase;
			buildActionMask = 2147483647;
			files = (
				EA1D579B2221715A897E26CE /* Pods_BMSTUSchedule.framework in Frameworks */,
			);
			runOnlyForDeploymentPostprocessing = 0;
		};
		A5CED4E71DB0E080000D2DFD /* Frameworks */ = {
			isa = PBXFrameworksBuildPhase;
			buildActionMask = 2147483647;
			files = (
				34F1BFD579AC516BB9D72D3F /* Pods_BMSTUScheduleTests.framework in Frameworks */,
			);
			runOnlyForDeploymentPostprocessing = 0;
		};
		A5CED4F21DB0E080000D2DFD /* Frameworks */ = {
			isa = PBXFrameworksBuildPhase;
			buildActionMask = 2147483647;
			files = (
				D2AAD222BEEA050D66FD0373 /* Pods_BMSTUScheduleUITests.framework in Frameworks */,
			);
			runOnlyForDeploymentPostprocessing = 0;
		};
/* End PBXFrameworksBuildPhase section */

/* Begin PBXGroup section */
		A5A124071DE8DD4F006FB4E5 /* Other */ = {
			isa = PBXGroup;
			children = (
				A5CED4E01DB0E080000D2DFD /* Assets.xcassets */,
				A5B257271DF01C260081EA0B /* GoogleService-Info.plist */,
				A5A123F81DE8DCD8006FB4E5 /* Info.plist */,
				A5A1240F1DE8E606006FB4E5 /* Screenshots */,
			);
			name = Other;
			sourceTree = "<group>";
		};
		A5A1240A1DE8DD75006FB4E5 /* Managers */ = {
			isa = PBXGroup;
			children = (
				A5A124081DE8DD70006FB4E5 /* Manager.swift */,
				A5A1240B1DE8DE9A006FB4E5 /* FirebaseManager.swift */,
				A5A1240D1DE8DED5006FB4E5 /* CalendarManager.swift */,
			);
			name = Managers;
			sourceTree = "<group>";
		};
		A5A1240F1DE8E606006FB4E5 /* Screenshots */ = {
			isa = PBXGroup;
			children = (
			);
			name = Screenshots;
			path = Other/Screenshots;
			sourceTree = "<group>";
		};
		A5CED4CD1DB0E07F000D2DFD = {
			isa = PBXGroup;
			children = (
				A5CED4D81DB0E080000D2DFD /* BMSTUSchedule */,
				A5CED4ED1DB0E080000D2DFD /* BMSTUScheduleTests */,
				A5CED4F81DB0E080000D2DFD /* BMSTUScheduleUITests */,
				A5CED4D71DB0E080000D2DFD /* Products */,
				E7F0551217162951DBFAE1AB /* Pods */,
				AC0978EFB39E439D4AD3A2B1 /* Frameworks */,
			);
			sourceTree = "<group>";
		};
		A5CED4D71DB0E080000D2DFD /* Products */ = {
			isa = PBXGroup;
			children = (
				A5CED4D61DB0E080000D2DFD /* BMSTUSchedule.app */,
				A5CED4EA1DB0E080000D2DFD /* BMSTUScheduleTests.xctest */,
				A5CED4F51DB0E080000D2DFD /* BMSTUScheduleUITests.xctest */,
			);
			name = Products;
			sourceTree = "<group>";
		};
		A5CED4D81DB0E080000D2DFD /* BMSTUSchedule */ = {
			isa = PBXGroup;
			children = (
				A5CED5091DB0E901000D2DFD /* Model */,
				A5A1240A1DE8DD75006FB4E5 /* Managers */,
				A5E0FE8C1DC00698008959A9 /* Views */,
				A5E0FE851DBFB88D008959A9 /* Controllers */,
				A5CED4D91DB0E080000D2DFD /* AppDelegate.swift */,
				A5A124011DE8DD24006FB4E5 /* LaunchScreen.storyboard */,
				A5A124031DE8DD24006FB4E5 /* Main.storyboard */,
				A5A124071DE8DD4F006FB4E5 /* Other */,
				A5E0FE7A1DBFB56B008959A9 /* Libraries */,
			);
			path = BMSTUSchedule;
			sourceTree = "<group>";
		};
		A5CED4ED1DB0E080000D2DFD /* BMSTUScheduleTests */ = {
			isa = PBXGroup;
			children = (
				A5CED4EE1DB0E080000D2DFD /* BMSTUScheduleTests.swift */,
				A5CED4F01DB0E080000D2DFD /* Info.plist */,
			);
			path = BMSTUScheduleTests;
			sourceTree = "<group>";
		};
		A5CED4F81DB0E080000D2DFD /* BMSTUScheduleUITests */ = {
			isa = PBXGroup;
			children = (
				A5CED4F91DB0E080000D2DFD /* BMSTUScheduleUITests.swift */,
				A5CED4FB1DB0E080000D2DFD /* Info.plist */,
			);
			path = BMSTUScheduleUITests;
			sourceTree = "<group>";
		};
		A5CED5091DB0E901000D2DFD /* Model */ = {
			isa = PBXGroup;
			children = (
				A5CED50A1DB0E94A000D2DFD /* Lesson.swift */,
				A5F2E1F61DC4C1E100841669 /* Day.swift */,
				A5A123F51DE7422A006FB4E5 /* Week.swift */,
				A5F2E1F81DC4C2D400841669 /* Schedule.swift */,
				A525F3D11DD4C9D4003A7CC0 /* Group.swift */,
			);
			name = Model;
			sourceTree = "<group>";
		};
		A5E0FE7A1DBFB56B008959A9 /* Libraries */ = {
			isa = PBXGroup;
			children = (
				A5E0FE7B1DBFB56B008959A9 /* SWRevealViewController */,
			);
			path = Libraries;
			sourceTree = "<group>";
		};
		A5E0FE7B1DBFB56B008959A9 /* SWRevealViewController */ = {
			isa = PBXGroup;
			children = (
				A5E0FE7F1DBFB59C008959A9 /* BMSTUSchedule-Bridging-Header.h */,
				A5E0FE801DBFB59D008959A9 /* SWRevealViewController.h */,
				A5E0FE811DBFB59D008959A9 /* SWRevealViewController.m */,
			);
			path = SWRevealViewController;
			sourceTree = "<group>";
		};
		A5E0FE851DBFB88D008959A9 /* Controllers */ = {
			isa = PBXGroup;
			children = (
				A55B90521DCA37E20068B9BE /* MenuController.swift */,
				A5E0FE831DBFB870008959A9 /* ScheduleController.swift */,
				A5485CC21DC26173009610C2 /* GroupsController.swift */,
				A5E0FE881DBFFB22008959A9 /* SettingsController.swift */,
			);
			name = Controllers;
			sourceTree = "<group>";
		};
		A5E0FE8C1DC00698008959A9 /* Views */ = {
			isa = PBXGroup;
			children = (
				A5B2572B1DF085D70081EA0B /* DayHeader.swift */,
				A5485CC01DC245BC009610C2 /* LessonCell.swift */,
				A5218D721DF9F6F900E817B0 /* GroupCell.swift */,
			);
			name = Views;
			sourceTree = "<group>";
		};
		AC0978EFB39E439D4AD3A2B1 /* Frameworks */ = {
			isa = PBXGroup;
			children = (
				793CA6CF03F2F48A50E4F412 /* Pods_BMSTUSchedule.framework */,
				A44130F770FD807D2AED7F4F /* Pods_BMSTUScheduleTests.framework */,
				5EDF20F0E282FC6530764F45 /* Pods_BMSTUScheduleUITests.framework */,
			);
			name = Frameworks;
			sourceTree = "<group>";
		};
		E7F0551217162951DBFAE1AB /* Pods */ = {
			isa = PBXGroup;
			children = (
				C442BC49042323BC7E77F3BB /* Pods-BMSTUSchedule.debug.xcconfig */,
				FC75701F99C0401E43436CA6 /* Pods-BMSTUSchedule.release.xcconfig */,
				831933F057A6FACC8B5135A8 /* Pods-BMSTUScheduleTests.debug.xcconfig */,
				725286351414F142A674EB54 /* Pods-BMSTUScheduleTests.release.xcconfig */,
				6D132CD494F5269EC64214DA /* Pods-BMSTUScheduleUITests.debug.xcconfig */,
				0551AA824E26F3323674A9D2 /* Pods-BMSTUScheduleUITests.release.xcconfig */,
			);
			name = Pods;
			sourceTree = "<group>";
		};
/* End PBXGroup section */

/* Begin PBXNativeTarget section */
		A5CED4D51DB0E07F000D2DFD /* BMSTUSchedule */ = {
			isa = PBXNativeTarget;
			buildConfigurationList = A5CED4FE1DB0E080000D2DFD /* Build configuration list for PBXNativeTarget "BMSTUSchedule" */;
			buildPhases = (
				49C83C577D8805D6BA8DC1DD /* [CP] Check Pods Manifest.lock */,
				A5CED4D21DB0E07F000D2DFD /* Sources */,
				A5CED4D31DB0E07F000D2DFD /* Frameworks */,
				A5CED4D41DB0E07F000D2DFD /* Resources */,
				97D738A0384F8D3DF2718A98 /* [CP] Embed Pods Frameworks */,
				693221C268DB9FB661FC9320 /* [CP] Copy Pods Resources */,
			);
			buildRules = (
			);
			dependencies = (
			);
			name = BMSTUSchedule;
			productName = BMSTUSchedule;
			productReference = A5CED4D61DB0E080000D2DFD /* BMSTUSchedule.app */;
			productType = "com.apple.product-type.application";
		};
		A5CED4E91DB0E080000D2DFD /* BMSTUScheduleTests */ = {
			isa = PBXNativeTarget;
			buildConfigurationList = A5CED5011DB0E080000D2DFD /* Build configuration list for PBXNativeTarget "BMSTUScheduleTests" */;
			buildPhases = (
				625258AFE461E2FA15363BF3 /* [CP] Check Pods Manifest.lock */,
				A5CED4E61DB0E080000D2DFD /* Sources */,
				A5CED4E71DB0E080000D2DFD /* Frameworks */,
				A5CED4E81DB0E080000D2DFD /* Resources */,
				35D855A18200167451144FC7 /* [CP] Embed Pods Frameworks */,
				FC29EEA6F89C286BEC2C0DA8 /* [CP] Copy Pods Resources */,
			);
			buildRules = (
			);
			dependencies = (
				A5CED4EC1DB0E080000D2DFD /* PBXTargetDependency */,
			);
			name = BMSTUScheduleTests;
			productName = BMSTUScheduleTests;
			productReference = A5CED4EA1DB0E080000D2DFD /* BMSTUScheduleTests.xctest */;
			productType = "com.apple.product-type.bundle.unit-test";
		};
		A5CED4F41DB0E080000D2DFD /* BMSTUScheduleUITests */ = {
			isa = PBXNativeTarget;
			buildConfigurationList = A5CED5041DB0E080000D2DFD /* Build configuration list for PBXNativeTarget "BMSTUScheduleUITests" */;
			buildPhases = (
				3E3E605661DD74451283B3DA /* [CP] Check Pods Manifest.lock */,
				A5CED4F11DB0E080000D2DFD /* Sources */,
				A5CED4F21DB0E080000D2DFD /* Frameworks */,
				A5CED4F31DB0E080000D2DFD /* Resources */,
				A3B943FBDC281B2359263D9B /* [CP] Embed Pods Frameworks */,
				23FCC65FC581F54DB58181A7 /* [CP] Copy Pods Resources */,
			);
			buildRules = (
			);
			dependencies = (
				A5CED4F71DB0E080000D2DFD /* PBXTargetDependency */,
			);
			name = BMSTUScheduleUITests;
			productName = BMSTUScheduleUITests;
			productReference = A5CED4F51DB0E080000D2DFD /* BMSTUScheduleUITests.xctest */;
			productType = "com.apple.product-type.bundle.ui-testing";
		};
/* End PBXNativeTarget section */

/* Begin PBXProject section */
		A5CED4CE1DB0E07F000D2DFD /* Project object */ = {
			isa = PBXProject;
			attributes = {
				LastSwiftUpdateCheck = 0800;
				LastUpgradeCheck = 0800;
				ORGANIZATIONNAME = "BMSTU Team";
				TargetAttributes = {
					A5CED4D51DB0E07F000D2DFD = {
						CreatedOnToolsVersion = 8.0;
						DevelopmentTeam = CT884K7983;
						LastSwiftMigration = 0800;
						ProvisioningStyle = Automatic;
					};
					A5CED4E91DB0E080000D2DFD = {
						CreatedOnToolsVersion = 8.0;
						ProvisioningStyle = Automatic;
						TestTargetID = A5CED4D51DB0E07F000D2DFD;
					};
					A5CED4F41DB0E080000D2DFD = {
						CreatedOnToolsVersion = 8.0;
						ProvisioningStyle = Automatic;
						TestTargetID = A5CED4D51DB0E07F000D2DFD;
					};
				};
			};
			buildConfigurationList = A5CED4D11DB0E07F000D2DFD /* Build configuration list for PBXProject "BMSTUSchedule" */;
			compatibilityVersion = "Xcode 3.2";
			developmentRegion = English;
			hasScannedForEncodings = 0;
			knownRegions = (
				en,
				Base,
			);
			mainGroup = A5CED4CD1DB0E07F000D2DFD;
			productRefGroup = A5CED4D71DB0E080000D2DFD /* Products */;
			projectDirPath = "";
			projectRoot = "";
			targets = (
				A5CED4D51DB0E07F000D2DFD /* BMSTUSchedule */,
				A5CED4E91DB0E080000D2DFD /* BMSTUScheduleTests */,
				A5CED4F41DB0E080000D2DFD /* BMSTUScheduleUITests */,
			);
		};
/* End PBXProject section */

/* Begin PBXResourcesBuildPhase section */
		A5CED4D41DB0E07F000D2DFD /* Resources */ = {
			isa = PBXResourcesBuildPhase;
			buildActionMask = 2147483647;
			files = (
				A5B257291DF01C260081EA0B /* GoogleService-Info.plist in Resources */,
				A5A124061DE8DD24006FB4E5 /* Main.storyboard in Resources */,
				A5A124051DE8DD24006FB4E5 /* LaunchScreen.storyboard in Resources */,
				A5CED4E11DB0E080000D2DFD /* Assets.xcassets in Resources */,
			);
			runOnlyForDeploymentPostprocessing = 0;
		};
		A5CED4E81DB0E080000D2DFD /* Resources */ = {
			isa = PBXResourcesBuildPhase;
			buildActionMask = 2147483647;
			files = (
			);
			runOnlyForDeploymentPostprocessing = 0;
		};
		A5CED4F31DB0E080000D2DFD /* Resources */ = {
			isa = PBXResourcesBuildPhase;
			buildActionMask = 2147483647;
			files = (
			);
			runOnlyForDeploymentPostprocessing = 0;
		};
/* End PBXResourcesBuildPhase section */

/* Begin PBXShellScriptBuildPhase section */
		23FCC65FC581F54DB58181A7 /* [CP] Copy Pods Resources */ = {
			isa = PBXShellScriptBuildPhase;
			buildActionMask = 2147483647;
			files = (
			);
			inputPaths = (
			);
			name = "[CP] Copy Pods Resources";
			outputPaths = (
			);
			runOnlyForDeploymentPostprocessing = 0;
			shellPath = /bin/sh;
			shellScript = "\"${SRCROOT}/Pods/Target Support Files/Pods-BMSTUScheduleUITests/Pods-BMSTUScheduleUITests-resources.sh\"\n";
			showEnvVarsInLog = 0;
		};
		35D855A18200167451144FC7 /* [CP] Embed Pods Frameworks */ = {
			isa = PBXShellScriptBuildPhase;
			buildActionMask = 2147483647;
			files = (
			);
			inputPaths = (
			);
			name = "[CP] Embed Pods Frameworks";
			outputPaths = (
			);
			runOnlyForDeploymentPostprocessing = 0;
			shellPath = /bin/sh;
			shellScript = "\"${SRCROOT}/Pods/Target Support Files/Pods-BMSTUScheduleTests/Pods-BMSTUScheduleTests-frameworks.sh\"\n";
			showEnvVarsInLog = 0;
		};
		3E3E605661DD74451283B3DA /* [CP] Check Pods Manifest.lock */ = {
			isa = PBXShellScriptBuildPhase;
			buildActionMask = 2147483647;
			files = (
			);
			inputPaths = (
			);
			name = "[CP] Check Pods Manifest.lock";
			outputPaths = (
			);
			runOnlyForDeploymentPostprocessing = 0;
			shellPath = /bin/sh;
			shellScript = "diff \"${PODS_ROOT}/../Podfile.lock\" \"${PODS_ROOT}/Manifest.lock\" > /dev/null\nif [ $? != 0 ] ; then\n    # print error to STDERR\n    echo \"error: The sandbox is not in sync with the Podfile.lock. Run 'pod install' or update your CocoaPods installation.\" >&2\n    exit 1\nfi\n";
			showEnvVarsInLog = 0;
		};
		49C83C577D8805D6BA8DC1DD /* [CP] Check Pods Manifest.lock */ = {
			isa = PBXShellScriptBuildPhase;
			buildActionMask = 2147483647;
			files = (
			);
			inputPaths = (
			);
			name = "[CP] Check Pods Manifest.lock";
			outputPaths = (
			);
			runOnlyForDeploymentPostprocessing = 0;
			shellPath = /bin/sh;
			shellScript = "diff \"${PODS_ROOT}/../Podfile.lock\" \"${PODS_ROOT}/Manifest.lock\" > /dev/null\nif [ $? != 0 ] ; then\n    # print error to STDERR\n    echo \"error: The sandbox is not in sync with the Podfile.lock. Run 'pod install' or update your CocoaPods installation.\" >&2\n    exit 1\nfi\n";
			showEnvVarsInLog = 0;
		};
		625258AFE461E2FA15363BF3 /* [CP] Check Pods Manifest.lock */ = {
			isa = PBXShellScriptBuildPhase;
			buildActionMask = 2147483647;
			files = (
			);
			inputPaths = (
			);
			name = "[CP] Check Pods Manifest.lock";
			outputPaths = (
			);
			runOnlyForDeploymentPostprocessing = 0;
			shellPath = /bin/sh;
			shellScript = "diff \"${PODS_ROOT}/../Podfile.lock\" \"${PODS_ROOT}/Manifest.lock\" > /dev/null\nif [ $? != 0 ] ; then\n    # print error to STDERR\n    echo \"error: The sandbox is not in sync with the Podfile.lock. Run 'pod install' or update your CocoaPods installation.\" >&2\n    exit 1\nfi\n";
			showEnvVarsInLog = 0;
		};
		693221C268DB9FB661FC9320 /* [CP] Copy Pods Resources */ = {
			isa = PBXShellScriptBuildPhase;
			buildActionMask = 2147483647;
			files = (
			);
			inputPaths = (
			);
			name = "[CP] Copy Pods Resources";
			outputPaths = (
			);
			runOnlyForDeploymentPostprocessing = 0;
			shellPath = /bin/sh;
			shellScript = "\"${SRCROOT}/Pods/Target Support Files/Pods-BMSTUSchedule/Pods-BMSTUSchedule-resources.sh\"\n";
			showEnvVarsInLog = 0;
		};
		97D738A0384F8D3DF2718A98 /* [CP] Embed Pods Frameworks */ = {
			isa = PBXShellScriptBuildPhase;
			buildActionMask = 2147483647;
			files = (
			);
			inputPaths = (
			);
			name = "[CP] Embed Pods Frameworks";
			outputPaths = (
			);
			runOnlyForDeploymentPostprocessing = 0;
			shellPath = /bin/sh;
			shellScript = "\"${SRCROOT}/Pods/Target Support Files/Pods-BMSTUSchedule/Pods-BMSTUSchedule-frameworks.sh\"\n";
			showEnvVarsInLog = 0;
		};
		A3B943FBDC281B2359263D9B /* [CP] Embed Pods Frameworks */ = {
			isa = PBXShellScriptBuildPhase;
			buildActionMask = 2147483647;
			files = (
			);
			inputPaths = (
			);
			name = "[CP] Embed Pods Frameworks";
			outputPaths = (
			);
			runOnlyForDeploymentPostprocessing = 0;
			shellPath = /bin/sh;
			shellScript = "\"${SRCROOT}/Pods/Target Support Files/Pods-BMSTUScheduleUITests/Pods-BMSTUScheduleUITests-frameworks.sh\"\n";
			showEnvVarsInLog = 0;
		};
		FC29EEA6F89C286BEC2C0DA8 /* [CP] Copy Pods Resources */ = {
			isa = PBXShellScriptBuildPhase;
			buildActionMask = 2147483647;
			files = (
			);
			inputPaths = (
			);
			name = "[CP] Copy Pods Resources";
			outputPaths = (
			);
			runOnlyForDeploymentPostprocessing = 0;
			shellPath = /bin/sh;
			shellScript = "\"${SRCROOT}/Pods/Target Support Files/Pods-BMSTUScheduleTests/Pods-BMSTUScheduleTests-resources.sh\"\n";
			showEnvVarsInLog = 0;
		};
/* End PBXShellScriptBuildPhase section */

/* Begin PBXSourcesBuildPhase section */
		A5CED4D21DB0E07F000D2DFD /* Sources */ = {
			isa = PBXSourcesBuildPhase;
			buildActionMask = 2147483647;
			files = (
				A5485CC11DC245BC009610C2 /* LessonCell.swift in Sources */,
				A5E0FE891DBFFB22008959A9 /* SettingsController.swift in Sources */,
				A5A124091DE8DD70006FB4E5 /* Manager.swift in Sources */,
				A525F3D21DD4C9D4003A7CC0 /* Group.swift in Sources */,
				A5A1240E1DE8DED5006FB4E5 /* CalendarManager.swift in Sources */,
				A5E0FE841DBFB870008959A9 /* ScheduleController.swift in Sources */,
				A5E0FE821DBFB59D008959A9 /* SWRevealViewController.m in Sources */,
				A55B90531DCA37E20068B9BE /* MenuController.swift in Sources */,
				A5218D731DF9F6F900E817B0 /* GroupCell.swift in Sources */,
				A5B2572C1DF085D70081EA0B /* DayHeader.swift in Sources */,
				A5F2E1F71DC4C1E100841669 /* Day.swift in Sources */,
				A5485CC31DC26173009610C2 /* GroupsController.swift in Sources */,
				A5A123F61DE7422A006FB4E5 /* Week.swift in Sources */,
				A5CED4DA1DB0E080000D2DFD /* AppDelegate.swift in Sources */,
				A5A1240C1DE8DE9A006FB4E5 /* FirebaseManager.swift in Sources */,
				A5F2E1F91DC4C2D400841669 /* Schedule.swift in Sources */,
				A5CED50B1DB0E94A000D2DFD /* Lesson.swift in Sources */,
			);
			runOnlyForDeploymentPostprocessing = 0;
		};
		A5CED4E61DB0E080000D2DFD /* Sources */ = {
			isa = PBXSourcesBuildPhase;
			buildActionMask = 2147483647;
			files = (
				A5CED4EF1DB0E080000D2DFD /* BMSTUScheduleTests.swift in Sources */,
			);
			runOnlyForDeploymentPostprocessing = 0;
		};
		A5CED4F11DB0E080000D2DFD /* Sources */ = {
			isa = PBXSourcesBuildPhase;
			buildActionMask = 2147483647;
			files = (
				A5CED4FA1DB0E080000D2DFD /* BMSTUScheduleUITests.swift in Sources */,
			);
			runOnlyForDeploymentPostprocessing = 0;
		};
/* End PBXSourcesBuildPhase section */

/* Begin PBXTargetDependency section */
		A5CED4EC1DB0E080000D2DFD /* PBXTargetDependency */ = {
			isa = PBXTargetDependency;
			target = A5CED4D51DB0E07F000D2DFD /* BMSTUSchedule */;
			targetProxy = A5CED4EB1DB0E080000D2DFD /* PBXContainerItemProxy */;
		};
		A5CED4F71DB0E080000D2DFD /* PBXTargetDependency */ = {
			isa = PBXTargetDependency;
			target = A5CED4D51DB0E07F000D2DFD /* BMSTUSchedule */;
			targetProxy = A5CED4F61DB0E080000D2DFD /* PBXContainerItemProxy */;
		};
/* End PBXTargetDependency section */

/* Begin PBXVariantGroup section */
		A5A124011DE8DD24006FB4E5 /* LaunchScreen.storyboard */ = {
			isa = PBXVariantGroup;
			children = (
				A5A124021DE8DD24006FB4E5 /* Base */,
			);
			name = LaunchScreen.storyboard;
			sourceTree = "<group>";
		};
		A5A124031DE8DD24006FB4E5 /* Main.storyboard */ = {
			isa = PBXVariantGroup;
			children = (
				A5A124041DE8DD24006FB4E5 /* Base */,
			);
			name = Main.storyboard;
			sourceTree = "<group>";
		};
/* End PBXVariantGroup section */

/* Begin XCBuildConfiguration section */
		A5CED4FC1DB0E080000D2DFD /* Debug */ = {
			isa = XCBuildConfiguration;
			buildSettings = {
				ALWAYS_SEARCH_USER_PATHS = NO;
				CLANG_ANALYZER_NONNULL = YES;
				CLANG_CXX_LANGUAGE_STANDARD = "gnu++0x";
				CLANG_CXX_LIBRARY = "libc++";
				CLANG_ENABLE_MODULES = YES;
				CLANG_ENABLE_OBJC_ARC = YES;
				CLANG_WARN_BOOL_CONVERSION = YES;
				CLANG_WARN_CONSTANT_CONVERSION = YES;
				CLANG_WARN_DIRECT_OBJC_ISA_USAGE = YES_ERROR;
				CLANG_WARN_DOCUMENTATION_COMMENTS = YES;
				CLANG_WARN_EMPTY_BODY = YES;
				CLANG_WARN_ENUM_CONVERSION = YES;
				CLANG_WARN_INFINITE_RECURSION = YES;
				CLANG_WARN_INT_CONVERSION = YES;
				CLANG_WARN_OBJC_ROOT_CLASS = YES_ERROR;
				CLANG_WARN_SUSPICIOUS_MOVE = YES;
				CLANG_WARN_SUSPICIOUS_MOVES = YES;
				CLANG_WARN_UNREACHABLE_CODE = YES;
				CLANG_WARN__DUPLICATE_METHOD_MATCH = YES;
				"CODE_SIGN_IDENTITY[sdk=iphoneos*]" = "iPhone Developer";
				COPY_PHASE_STRIP = NO;
				DEBUG_INFORMATION_FORMAT = dwarf;
				ENABLE_STRICT_OBJC_MSGSEND = YES;
				ENABLE_TESTABILITY = YES;
				GCC_C_LANGUAGE_STANDARD = gnu99;
				GCC_DYNAMIC_NO_PIC = NO;
				GCC_NO_COMMON_BLOCKS = YES;
				GCC_OPTIMIZATION_LEVEL = 0;
				GCC_PREPROCESSOR_DEFINITIONS = (
					"DEBUG=1",
					"$(inherited)",
				);
				GCC_WARN_64_TO_32_BIT_CONVERSION = YES;
				GCC_WARN_ABOUT_RETURN_TYPE = YES_ERROR;
				GCC_WARN_UNDECLARED_SELECTOR = YES;
				GCC_WARN_UNINITIALIZED_AUTOS = YES_AGGRESSIVE;
				GCC_WARN_UNUSED_FUNCTION = YES;
				GCC_WARN_UNUSED_VARIABLE = YES;
				IPHONEOS_DEPLOYMENT_TARGET = 10.0;
				MTL_ENABLE_DEBUG_INFO = YES;
				ONLY_ACTIVE_ARCH = YES;
				SDKROOT = iphoneos;
				SWIFT_ACTIVE_COMPILATION_CONDITIONS = DEBUG;
				SWIFT_OPTIMIZATION_LEVEL = "-Onone";
			};
			name = Debug;
		};
		A5CED4FD1DB0E080000D2DFD /* Release */ = {
			isa = XCBuildConfiguration;
			buildSettings = {
				ALWAYS_SEARCH_USER_PATHS = NO;
				CLANG_ANALYZER_NONNULL = YES;
				CLANG_CXX_LANGUAGE_STANDARD = "gnu++0x";
				CLANG_CXX_LIBRARY = "libc++";
				CLANG_ENABLE_MODULES = YES;
				CLANG_ENABLE_OBJC_ARC = YES;
				CLANG_WARN_BOOL_CONVERSION = YES;
				CLANG_WARN_CONSTANT_CONVERSION = YES;
				CLANG_WARN_DIRECT_OBJC_ISA_USAGE = YES_ERROR;
				CLANG_WARN_DOCUMENTATION_COMMENTS = YES;
				CLANG_WARN_EMPTY_BODY = YES;
				CLANG_WARN_ENUM_CONVERSION = YES;
				CLANG_WARN_INFINITE_RECURSION = YES;
				CLANG_WARN_INT_CONVERSION = YES;
				CLANG_WARN_OBJC_ROOT_CLASS = YES_ERROR;
				CLANG_WARN_SUSPICIOUS_MOVE = YES;
				CLANG_WARN_SUSPICIOUS_MOVES = YES;
				CLANG_WARN_UNREACHABLE_CODE = YES;
				CLANG_WARN__DUPLICATE_METHOD_MATCH = YES;
				"CODE_SIGN_IDENTITY[sdk=iphoneos*]" = "iPhone Developer";
				COPY_PHASE_STRIP = NO;
				DEBUG_INFORMATION_FORMAT = "dwarf-with-dsym";
				ENABLE_NS_ASSERTIONS = NO;
				ENABLE_STRICT_OBJC_MSGSEND = YES;
				GCC_C_LANGUAGE_STANDARD = gnu99;
				GCC_NO_COMMON_BLOCKS = YES;
				GCC_WARN_64_TO_32_BIT_CONVERSION = YES;
				GCC_WARN_ABOUT_RETURN_TYPE = YES_ERROR;
				GCC_WARN_UNDECLARED_SELECTOR = YES;
				GCC_WARN_UNINITIALIZED_AUTOS = YES_AGGRESSIVE;
				GCC_WARN_UNUSED_FUNCTION = YES;
				GCC_WARN_UNUSED_VARIABLE = YES;
				IPHONEOS_DEPLOYMENT_TARGET = 10.0;
				MTL_ENABLE_DEBUG_INFO = NO;
				SDKROOT = iphoneos;
				SWIFT_OPTIMIZATION_LEVEL = "-Owholemodule";
				VALIDATE_PRODUCT = YES;
			};
			name = Release;
		};
		A5CED4FF1DB0E080000D2DFD /* Debug */ = {
			isa = XCBuildConfiguration;
			baseConfigurationReference = C442BC49042323BC7E77F3BB /* Pods-BMSTUSchedule.debug.xcconfig */;
			buildSettings = {
				ALWAYS_EMBED_SWIFT_STANDARD_LIBRARIES = "$(inherited)";
				ASSETCATALOG_COMPILER_APPICON_NAME = AppIcon;
				CLANG_ENABLE_MODULES = YES;
				"CODE_SIGN_IDENTITY[sdk=iphoneos*]" = "iPhone Developer";
				DEVELOPMENT_TEAM = CT884K7983;
				INFOPLIST_FILE = "$(SRCROOT)/BMSTUSchedule/Info.plist";
				IPHONEOS_DEPLOYMENT_TARGET = 8.0;
				LD_RUNPATH_SEARCH_PATHS = "$(inherited) @executable_path/Frameworks";
				PRODUCT_BUNDLE_IDENTIFIER = ru.BMSTUTeam.BMSTUSchedule;
				PRODUCT_NAME = "$(TARGET_NAME)";
				SWIFT_OBJC_BRIDGING_HEADER = "BMSTUSchedule/Libraries/SWRevealViewController/BMSTUSchedule-Bridging-Header.h";
				SWIFT_OPTIMIZATION_LEVEL = "-Onone";
				SWIFT_VERSION = 3.0;
			};
			name = Debug;
		};
		A5CED5001DB0E080000D2DFD /* Release */ = {
			isa = XCBuildConfiguration;
			baseConfigurationReference = FC75701F99C0401E43436CA6 /* Pods-BMSTUSchedule.release.xcconfig */;
			buildSettings = {
				ALWAYS_EMBED_SWIFT_STANDARD_LIBRARIES = "$(inherited)";
				ASSETCATALOG_COMPILER_APPICON_NAME = AppIcon;
				CLANG_ENABLE_MODULES = YES;
				"CODE_SIGN_IDENTITY[sdk=iphoneos*]" = "iPhone Developer";
				DEVELOPMENT_TEAM = CT884K7983;
				INFOPLIST_FILE = "$(SRCROOT)/BMSTUSchedule/Info.plist";
				IPHONEOS_DEPLOYMENT_TARGET = 8.0;
				LD_RUNPATH_SEARCH_PATHS = "$(inherited) @executable_path/Frameworks";
				PRODUCT_BUNDLE_IDENTIFIER = ru.BMSTUTeam.BMSTUSchedule;
				PRODUCT_NAME = "$(TARGET_NAME)";
				SWIFT_OBJC_BRIDGING_HEADER = "BMSTUSchedule/Libraries/SWRevealViewController/BMSTUSchedule-Bridging-Header.h";
				SWIFT_VERSION = 3.0;
			};
			name = Release;
		};
		A5CED5021DB0E080000D2DFD /* Debug */ = {
			isa = XCBuildConfiguration;
			baseConfigurationReference = 831933F057A6FACC8B5135A8 /* Pods-BMSTUScheduleTests.debug.xcconfig */;
			buildSettings = {
				ALWAYS_EMBED_SWIFT_STANDARD_LIBRARIES = YES;
				BUNDLE_LOADER = "$(TEST_HOST)";
				INFOPLIST_FILE = BMSTUScheduleTests/Info.plist;
				LD_RUNPATH_SEARCH_PATHS = "$(inherited) @executable_path/Frameworks @loader_path/Frameworks";
				PRODUCT_BUNDLE_IDENTIFIER = "ru.techpark-iOS.BMSTUScheduleTests";
				PRODUCT_NAME = "$(TARGET_NAME)";
				SWIFT_VERSION = 3.0;
				TEST_HOST = "$(BUILT_PRODUCTS_DIR)/BMSTUSchedule.app/BMSTUSchedule";
			};
			name = Debug;
		};
		A5CED5031DB0E080000D2DFD /* Release */ = {
			isa = XCBuildConfiguration;
			baseConfigurationReference = 725286351414F142A674EB54 /* Pods-BMSTUScheduleTests.release.xcconfig */;
			buildSettings = {
				ALWAYS_EMBED_SWIFT_STANDARD_LIBRARIES = YES;
				BUNDLE_LOADER = "$(TEST_HOST)";
				INFOPLIST_FILE = BMSTUScheduleTests/Info.plist;
				LD_RUNPATH_SEARCH_PATHS = "$(inherited) @executable_path/Frameworks @loader_path/Frameworks";
				PRODUCT_BUNDLE_IDENTIFIER = "ru.techpark-iOS.BMSTUScheduleTests";
				PRODUCT_NAME = "$(TARGET_NAME)";
				SWIFT_VERSION = 3.0;
				TEST_HOST = "$(BUILT_PRODUCTS_DIR)/BMSTUSchedule.app/BMSTUSchedule";
			};
			name = Release;
		};
		A5CED5051DB0E080000D2DFD /* Debug */ = {
			isa = XCBuildConfiguration;
			baseConfigurationReference = 6D132CD494F5269EC64214DA /* Pods-BMSTUScheduleUITests.debug.xcconfig */;
			buildSettings = {
				ALWAYS_EMBED_SWIFT_STANDARD_LIBRARIES = YES;
				INFOPLIST_FILE = BMSTUScheduleUITests/Info.plist;
				LD_RUNPATH_SEARCH_PATHS = "$(inherited) @executable_path/Frameworks @loader_path/Frameworks";
				PRODUCT_BUNDLE_IDENTIFIER = "ru.techpark-iOS.BMSTUScheduleUITests";
				PRODUCT_NAME = "$(TARGET_NAME)";
				SWIFT_VERSION = 3.0;
				TEST_TARGET_NAME = BMSTUSchedule;
			};
			name = Debug;
		};
		A5CED5061DB0E080000D2DFD /* Release */ = {
			isa = XCBuildConfiguration;
			baseConfigurationReference = 0551AA824E26F3323674A9D2 /* Pods-BMSTUScheduleUITests.release.xcconfig */;
			buildSettings = {
				ALWAYS_EMBED_SWIFT_STANDARD_LIBRARIES = YES;
				INFOPLIST_FILE = BMSTUScheduleUITests/Info.plist;
				LD_RUNPATH_SEARCH_PATHS = "$(inherited) @executable_path/Frameworks @loader_path/Frameworks";
				PRODUCT_BUNDLE_IDENTIFIER = "ru.techpark-iOS.BMSTUScheduleUITests";
				PRODUCT_NAME = "$(TARGET_NAME)";
				SWIFT_VERSION = 3.0;
				TEST_TARGET_NAME = BMSTUSchedule;
			};
			name = Release;
		};
/* End XCBuildConfiguration section */

/* Begin XCConfigurationList section */
		A5CED4D11DB0E07F000D2DFD /* Build configuration list for PBXProject "BMSTUSchedule" */ = {
			isa = XCConfigurationList;
			buildConfigurations = (
				A5CED4FC1DB0E080000D2DFD /* Debug */,
				A5CED4FD1DB0E080000D2DFD /* Release */,
			);
			defaultConfigurationIsVisible = 0;
			defaultConfigurationName = Release;
		};
		A5CED4FE1DB0E080000D2DFD /* Build configuration list for PBXNativeTarget "BMSTUSchedule" */ = {
			isa = XCConfigurationList;
			buildConfigurations = (
				A5CED4FF1DB0E080000D2DFD /* Debug */,
				A5CED5001DB0E080000D2DFD /* Release */,
			);
			defaultConfigurationIsVisible = 0;
			defaultConfigurationName = Release;
		};
		A5CED5011DB0E080000D2DFD /* Build configuration list for PBXNativeTarget "BMSTUScheduleTests" */ = {
			isa = XCConfigurationList;
			buildConfigurations = (
				A5CED5021DB0E080000D2DFD /* Debug */,
				A5CED5031DB0E080000D2DFD /* Release */,
			);
			defaultConfigurationIsVisible = 0;
			defaultConfigurationName = Release;
		};
		A5CED5041DB0E080000D2DFD /* Build configuration list for PBXNativeTarget "BMSTUScheduleUITests" */ = {
			isa = XCConfigurationList;
			buildConfigurations = (
				A5CED5051DB0E080000D2DFD /* Debug */,
				A5CED5061DB0E080000D2DFD /* Release */,
			);
			defaultConfigurationIsVisible = 0;
			defaultConfigurationName = Release;
		};
/* End XCConfigurationList section */
	};
	rootObject = A5CED4CE1DB0E07F000D2DFD /* Project object */;
}
